// !$*UTF8*$!
{
	archiveVersion = 1;
	classes = {
	};
	objectVersion = 46;
	objects = {

/* Begin PBXBuildFile section */
		F23ADC2A1AF21BA000ACA821 /* 1Star.png in Resources */ = {isa = PBXBuildFile; fileRef = F23ADC121AF21BA000ACA821 /* 1Star.png */; };
		F23ADC2B1AF21BA000ACA821 /* 1Star@2x.png in Resources */ = {isa = PBXBuildFile; fileRef = F23ADC131AF21BA000ACA821 /* 1Star@2x.png */; };
		F23ADC2C1AF21BA000ACA821 /* 1StarSmall.png in Resources */ = {isa = PBXBuildFile; fileRef = F23ADC141AF21BA000ACA821 /* 1StarSmall.png */; };
		F23ADC2D1AF21BA000ACA821 /* 1StarSmall@2x.png in Resources */ = {isa = PBXBuildFile; fileRef = F23ADC151AF21BA000ACA821 /* 1StarSmall@2x.png */; };
		F23ADC2E1AF21BA000ACA821 /* 2Stars.png in Resources */ = {isa = PBXBuildFile; fileRef = F23ADC161AF21BA000ACA821 /* 2Stars.png */; };
		F23ADC2F1AF21BA000ACA821 /* 2Stars@2x.png in Resources */ = {isa = PBXBuildFile; fileRef = F23ADC171AF21BA000ACA821 /* 2Stars@2x.png */; };
		F23ADC301AF21BA000ACA821 /* 2StarsSmall.png in Resources */ = {isa = PBXBuildFile; fileRef = F23ADC181AF21BA000ACA821 /* 2StarsSmall.png */; };
		F23ADC311AF21BA000ACA821 /* 2StarsSmall@2x.png in Resources */ = {isa = PBXBuildFile; fileRef = F23ADC191AF21BA000ACA821 /* 2StarsSmall@2x.png */; };
		F23ADC321AF21BA000ACA821 /* 3Stars.png in Resources */ = {isa = PBXBuildFile; fileRef = F23ADC1A1AF21BA000ACA821 /* 3Stars.png */; };
		F23ADC331AF21BA000ACA821 /* 3Stars@2x.png in Resources */ = {isa = PBXBuildFile; fileRef = F23ADC1B1AF21BA000ACA821 /* 3Stars@2x.png */; };
		F23ADC341AF21BA000ACA821 /* 3StarsSmall.png in Resources */ = {isa = PBXBuildFile; fileRef = F23ADC1C1AF21BA000ACA821 /* 3StarsSmall.png */; };
		F23ADC351AF21BA000ACA821 /* 3StarsSmall@2x.png in Resources */ = {isa = PBXBuildFile; fileRef = F23ADC1D1AF21BA000ACA821 /* 3StarsSmall@2x.png */; };
		F23ADC361AF21BA000ACA821 /* 4Stars.png in Resources */ = {isa = PBXBuildFile; fileRef = F23ADC1E1AF21BA000ACA821 /* 4Stars.png */; };
		F23ADC371AF21BA000ACA821 /* 4Stars@2x.png in Resources */ = {isa = PBXBuildFile; fileRef = F23ADC1F1AF21BA000ACA821 /* 4Stars@2x.png */; };
		F23ADC381AF21BA000ACA821 /* 4StarsSmall.png in Resources */ = {isa = PBXBuildFile; fileRef = F23ADC201AF21BA000ACA821 /* 4StarsSmall.png */; };
		F23ADC391AF21BA000ACA821 /* 4StarsSmall@2x.png in Resources */ = {isa = PBXBuildFile; fileRef = F23ADC211AF21BA000ACA821 /* 4StarsSmall@2x.png */; };
		F23ADC3A1AF21BA000ACA821 /* 5Stars.png in Resources */ = {isa = PBXBuildFile; fileRef = F23ADC221AF21BA000ACA821 /* 5Stars.png */; };
		F23ADC3B1AF21BA000ACA821 /* 5Stars@2x.png in Resources */ = {isa = PBXBuildFile; fileRef = F23ADC231AF21BA000ACA821 /* 5Stars@2x.png */; };
		F23ADC3C1AF21BA000ACA821 /* 5StarsSmall.png in Resources */ = {isa = PBXBuildFile; fileRef = F23ADC241AF21BA000ACA821 /* 5StarsSmall.png */; };
		F23ADC3D1AF21BA000ACA821 /* 5StarsSmall@2x.png in Resources */ = {isa = PBXBuildFile; fileRef = F23ADC251AF21BA000ACA821 /* 5StarsSmall@2x.png */; };
		F23ADC3E1AF21BA000ACA821 /* Gestures.png in Resources */ = {isa = PBXBuildFile; fileRef = F23ADC261AF21BA000ACA821 /* Gestures.png */; };
		F23ADC3F1AF21BA000ACA821 /* Gestures@2x.png in Resources */ = {isa = PBXBuildFile; fileRef = F23ADC271AF21BA000ACA821 /* Gestures@2x.png */; };
		F23ADC401AF21BA000ACA821 /* Players.png in Resources */ = {isa = PBXBuildFile; fileRef = F23ADC281AF21BA000ACA821 /* Players.png */; };
		F23ADC411AF21BA000ACA821 /* Players@2x.png in Resources */ = {isa = PBXBuildFile; fileRef = F23ADC291AF21BA000ACA821 /* Players@2x.png */; };
		F23ADC451AF21CF600ACA821 /* PlayersViewController.swift in Sources */ = {isa = PBXBuildFile; fileRef = F23ADC441AF21CF600ACA821 /* PlayersViewController.swift */; };
		F23ADC471AF21E7000ACA821 /* Player.swift in Sources */ = {isa = PBXBuildFile; fileRef = F23ADC461AF21E7000ACA821 /* Player.swift */; };
		F23ADC491AF21EAF00ACA821 /* SampleData.swift in Sources */ = {isa = PBXBuildFile; fileRef = F23ADC481AF21EAF00ACA821 /* SampleData.swift */; };
		F23ADC4B1AF2218A00ACA821 /* PlayerDetailsViewController.swift in Sources */ = {isa = PBXBuildFile; fileRef = F23ADC4A1AF2218A00ACA821 /* PlayerDetailsViewController.swift */; };
		F24B03591AEF6BBD008DF2AD /* english in Resources */ = {isa = PBXBuildFile; fileRef = F24B03571AEF6BBD008DF2AD /* english */; };
		F24B035C1AEF6D20008DF2AD /* dutch in Resources */ = {isa = PBXBuildFile; fileRef = F24B035B1AEF6D20008DF2AD /* dutch */; };
		F24B035F1AEF966D008DF2AD /* DictionaryModel.swift in Sources */ = {isa = PBXBuildFile; fileRef = F24B035D1AEF966D008DF2AD /* DictionaryModel.swift */; };
		F24B03601AEF966D008DF2AD /* GameModel.swift in Sources */ = {isa = PBXBuildFile; fileRef = F24B035E1AEF966D008DF2AD /* GameModel.swift */; };
		F2998E791ADFEEA00006DAAA /* AppDelegate.swift in Sources */ = {isa = PBXBuildFile; fileRef = F2998E781ADFEEA00006DAAA /* AppDelegate.swift */; };
		F2998E7B1ADFEEA00006DAAA /* ViewController.swift in Sources */ = {isa = PBXBuildFile; fileRef = F2998E7A1ADFEEA00006DAAA /* ViewController.swift */; };
		F2998E7E1ADFEEA00006DAAA /* Main.storyboard in Resources */ = {isa = PBXBuildFile; fileRef = F2998E7C1ADFEEA00006DAAA /* Main.storyboard */; };
		F2998E801ADFEEA00006DAAA /* Images.xcassets in Resources */ = {isa = PBXBuildFile; fileRef = F2998E7F1ADFEEA00006DAAA /* Images.xcassets */; };
		F2998E831ADFEEA00006DAAA /* LaunchScreen.xib in Resources */ = {isa = PBXBuildFile; fileRef = F2998E811ADFEEA00006DAAA /* LaunchScreen.xib */; };
/* End PBXBuildFile section */

/* Begin PBXContainerItemProxy section */
		F2998E891ADFEEA00006DAAA /* PBXContainerItemProxy */ = {
			isa = PBXContainerItemProxy;
			containerPortal = F2998E6B1ADFEEA00006DAAA /* Project object */;
			proxyType = 1;
			remoteGlobalIDString = F2998E721ADFEEA00006DAAA;
			remoteInfo = Ghost;
		};
/* End PBXContainerItemProxy section */

/* Begin PBXFileReference section */
		F23ADC121AF21BA000ACA821 /* 1Star.png */ = {isa = PBXFileReference; lastKnownFileType = image.png; path = 1Star.png; sourceTree = "<group>"; };
		F23ADC131AF21BA000ACA821 /* 1Star@2x.png */ = {isa = PBXFileReference; lastKnownFileType = image.png; path = "1Star@2x.png"; sourceTree = "<group>"; };
		F23ADC141AF21BA000ACA821 /* 1StarSmall.png */ = {isa = PBXFileReference; lastKnownFileType = image.png; path = 1StarSmall.png; sourceTree = "<group>"; };
		F23ADC151AF21BA000ACA821 /* 1StarSmall@2x.png */ = {isa = PBXFileReference; lastKnownFileType = image.png; path = "1StarSmall@2x.png"; sourceTree = "<group>"; };
		F23ADC161AF21BA000ACA821 /* 2Stars.png */ = {isa = PBXFileReference; lastKnownFileType = image.png; path = 2Stars.png; sourceTree = "<group>"; };
		F23ADC171AF21BA000ACA821 /* 2Stars@2x.png */ = {isa = PBXFileReference; lastKnownFileType = image.png; path = "2Stars@2x.png"; sourceTree = "<group>"; };
		F23ADC181AF21BA000ACA821 /* 2StarsSmall.png */ = {isa = PBXFileReference; lastKnownFileType = image.png; path = 2StarsSmall.png; sourceTree = "<group>"; };
		F23ADC191AF21BA000ACA821 /* 2StarsSmall@2x.png */ = {isa = PBXFileReference; lastKnownFileType = image.png; path = "2StarsSmall@2x.png"; sourceTree = "<group>"; };
		F23ADC1A1AF21BA000ACA821 /* 3Stars.png */ = {isa = PBXFileReference; lastKnownFileType = image.png; path = 3Stars.png; sourceTree = "<group>"; };
		F23ADC1B1AF21BA000ACA821 /* 3Stars@2x.png */ = {isa = PBXFileReference; lastKnownFileType = image.png; path = "3Stars@2x.png"; sourceTree = "<group>"; };
		F23ADC1C1AF21BA000ACA821 /* 3StarsSmall.png */ = {isa = PBXFileReference; lastKnownFileType = image.png; path = 3StarsSmall.png; sourceTree = "<group>"; };
		F23ADC1D1AF21BA000ACA821 /* 3StarsSmall@2x.png */ = {isa = PBXFileReference; lastKnownFileType = image.png; path = "3StarsSmall@2x.png"; sourceTree = "<group>"; };
		F23ADC1E1AF21BA000ACA821 /* 4Stars.png */ = {isa = PBXFileReference; lastKnownFileType = image.png; path = 4Stars.png; sourceTree = "<group>"; };
		F23ADC1F1AF21BA000ACA821 /* 4Stars@2x.png */ = {isa = PBXFileReference; lastKnownFileType = image.png; path = "4Stars@2x.png"; sourceTree = "<group>"; };
		F23ADC201AF21BA000ACA821 /* 4StarsSmall.png */ = {isa = PBXFileReference; lastKnownFileType = image.png; path = 4StarsSmall.png; sourceTree = "<group>"; };
		F23ADC211AF21BA000ACA821 /* 4StarsSmall@2x.png */ = {isa = PBXFileReference; lastKnownFileType = image.png; path = "4StarsSmall@2x.png"; sourceTree = "<group>"; };
		F23ADC221AF21BA000ACA821 /* 5Stars.png */ = {isa = PBXFileReference; lastKnownFileType = image.png; path = 5Stars.png; sourceTree = "<group>"; };
		F23ADC231AF21BA000ACA821 /* 5Stars@2x.png */ = {isa = PBXFileReference; lastKnownFileType = image.png; path = "5Stars@2x.png"; sourceTree = "<group>"; };
		F23ADC241AF21BA000ACA821 /* 5StarsSmall.png */ = {isa = PBXFileReference; lastKnownFileType = image.png; path = 5StarsSmall.png; sourceTree = "<group>"; };
		F23ADC251AF21BA000ACA821 /* 5StarsSmall@2x.png */ = {isa = PBXFileReference; lastKnownFileType = image.png; path = "5StarsSmall@2x.png"; sourceTree = "<group>"; };
		F23ADC261AF21BA000ACA821 /* Gestures.png */ = {isa = PBXFileReference; lastKnownFileType = image.png; path = Gestures.png; sourceTree = "<group>"; };
		F23ADC271AF21BA000ACA821 /* Gestures@2x.png */ = {isa = PBXFileReference; lastKnownFileType = image.png; path = "Gestures@2x.png"; sourceTree = "<group>"; };
		F23ADC281AF21BA000ACA821 /* Players.png */ = {isa = PBXFileReference; lastKnownFileType = image.png; path = Players.png; sourceTree = "<group>"; };
		F23ADC291AF21BA000ACA821 /* Players@2x.png */ = {isa = PBXFileReference; lastKnownFileType = image.png; path = "Players@2x.png"; sourceTree = "<group>"; };
		F23ADC441AF21CF600ACA821 /* PlayersViewController.swift */ = {isa = PBXFileReference; fileEncoding = 4; lastKnownFileType = sourcecode.swift; path = PlayersViewController.swift; sourceTree = "<group>"; };
		F23ADC461AF21E7000ACA821 /* Player.swift */ = {isa = PBXFileReference; fileEncoding = 4; lastKnownFileType = sourcecode.swift; path = Player.swift; sourceTree = "<group>"; };
		F23ADC481AF21EAF00ACA821 /* SampleData.swift */ = {isa = PBXFileReference; fileEncoding = 4; lastKnownFileType = sourcecode.swift; path = SampleData.swift; sourceTree = "<group>"; };
		F23ADC4A1AF2218A00ACA821 /* PlayerDetailsViewController.swift */ = {isa = PBXFileReference; fileEncoding = 4; lastKnownFileType = sourcecode.swift; path = PlayerDetailsViewController.swift; sourceTree = "<group>"; };
		F24B03571AEF6BBD008DF2AD /* english */ = {isa = PBXFileReference; fileEncoding = 4; lastKnownFileType = text; path = english; sourceTree = "<group>"; };
		F24B035B1AEF6D20008DF2AD /* dutch */ = {isa = PBXFileReference; fileEncoding = 4; lastKnownFileType = text; path = dutch; sourceTree = "<group>"; };
		F24B035D1AEF966D008DF2AD /* DictionaryModel.swift */ = {isa = PBXFileReference; fileEncoding = 4; lastKnownFileType = sourcecode.swift; name = DictionaryModel.swift; path = Models/DictionaryModel.swift; sourceTree = "<group>"; };
		F24B035E1AEF966D008DF2AD /* GameModel.swift */ = {isa = PBXFileReference; fileEncoding = 4; lastKnownFileType = sourcecode.swift; name = GameModel.swift; path = Models/GameModel.swift; sourceTree = "<group>"; };
		F2998E731ADFEEA00006DAAA /* Ghost.app */ = {isa = PBXFileReference; explicitFileType = wrapper.application; includeInIndex = 0; path = Ghost.app; sourceTree = BUILT_PRODUCTS_DIR; };
		F2998E771ADFEEA00006DAAA /* Info.plist */ = {isa = PBXFileReference; lastKnownFileType = text.plist.xml; path = Info.plist; sourceTree = "<group>"; };
		F2998E781ADFEEA00006DAAA /* AppDelegate.swift */ = {isa = PBXFileReference; lastKnownFileType = sourcecode.swift; path = AppDelegate.swift; sourceTree = "<group>"; };
		F2998E7A1ADFEEA00006DAAA /* ViewController.swift */ = {isa = PBXFileReference; lastKnownFileType = sourcecode.swift; path = ViewController.swift; sourceTree = "<group>"; };
		F2998E7D1ADFEEA00006DAAA /* Base */ = {isa = PBXFileReference; lastKnownFileType = file.storyboard; name = Base; path = Base.lproj/Main.storyboard; sourceTree = "<group>"; };
		F2998E7F1ADFEEA00006DAAA /* Images.xcassets */ = {isa = PBXFileReference; lastKnownFileType = folder.assetcatalog; path = Images.xcassets; sourceTree = "<group>"; };
		F2998E821ADFEEA00006DAAA /* Base */ = {isa = PBXFileReference; lastKnownFileType = file.xib; name = Base; path = Base.lproj/LaunchScreen.xib; sourceTree = "<group>"; };
		F2998E881ADFEEA00006DAAA /* GhostTests.xctest */ = {isa = PBXFileReference; explicitFileType = wrapper.cfbundle; includeInIndex = 0; path = GhostTests.xctest; sourceTree = BUILT_PRODUCTS_DIR; };
		F2998E8D1ADFEEA00006DAAA /* Info.plist */ = {isa = PBXFileReference; lastKnownFileType = text.plist.xml; path = Info.plist; sourceTree = "<group>"; };
/* End PBXFileReference section */

/* Begin PBXFrameworksBuildPhase section */
		F2998E701ADFEEA00006DAAA /* Frameworks */ = {
			isa = PBXFrameworksBuildPhase;
			buildActionMask = 2147483647;
			files = (
			);
			runOnlyForDeploymentPostprocessing = 0;
		};
		F2998E851ADFEEA00006DAAA /* Frameworks */ = {
			isa = PBXFrameworksBuildPhase;
			buildActionMask = 2147483647;
			files = (
			);
			runOnlyForDeploymentPostprocessing = 0;
		};
/* End PBXFrameworksBuildPhase section */

/* Begin PBXGroup section */
		F23ADC111AF21BA000ACA821 /* Images */ = {
			isa = PBXGroup;
			children = (
				F23ADC121AF21BA000ACA821 /* 1Star.png */,
				F23ADC131AF21BA000ACA821 /* 1Star@2x.png */,
				F23ADC141AF21BA000ACA821 /* 1StarSmall.png */,
				F23ADC151AF21BA000ACA821 /* 1StarSmall@2x.png */,
				F23ADC161AF21BA000ACA821 /* 2Stars.png */,
				F23ADC171AF21BA000ACA821 /* 2Stars@2x.png */,
				F23ADC181AF21BA000ACA821 /* 2StarsSmall.png */,
				F23ADC191AF21BA000ACA821 /* 2StarsSmall@2x.png */,
				F23ADC1A1AF21BA000ACA821 /* 3Stars.png */,
				F23ADC1B1AF21BA000ACA821 /* 3Stars@2x.png */,
				F23ADC1C1AF21BA000ACA821 /* 3StarsSmall.png */,
				F23ADC1D1AF21BA000ACA821 /* 3StarsSmall@2x.png */,
				F23ADC1E1AF21BA000ACA821 /* 4Stars.png */,
				F23ADC1F1AF21BA000ACA821 /* 4Stars@2x.png */,
				F23ADC201AF21BA000ACA821 /* 4StarsSmall.png */,
				F23ADC211AF21BA000ACA821 /* 4StarsSmall@2x.png */,
				F23ADC221AF21BA000ACA821 /* 5Stars.png */,
				F23ADC231AF21BA000ACA821 /* 5Stars@2x.png */,
				F23ADC241AF21BA000ACA821 /* 5StarsSmall.png */,
				F23ADC251AF21BA000ACA821 /* 5StarsSmall@2x.png */,
				F23ADC261AF21BA000ACA821 /* Gestures.png */,
				F23ADC271AF21BA000ACA821 /* Gestures@2x.png */,
				F23ADC281AF21BA000ACA821 /* Players.png */,
				F23ADC291AF21BA000ACA821 /* Players@2x.png */,
			);
			path = Images;
			sourceTree = "<group>";
		};
		F2998E6A1ADFEEA00006DAAA = {
			isa = PBXGroup;
			children = (
				F2998E751ADFEEA00006DAAA /* Ghost */,
				F2998E8B1ADFEEA00006DAAA /* GhostTests */,
				F2998E741ADFEEA00006DAAA /* Products */,
			);
			sourceTree = "<group>";
		};
		F2998E741ADFEEA00006DAAA /* Products */ = {
			isa = PBXGroup;
			children = (
				F2998E731ADFEEA00006DAAA /* Ghost.app */,
				F2998E881ADFEEA00006DAAA /* GhostTests.xctest */,
			);
			name = Products;
			sourceTree = "<group>";
		};
		F2998E751ADFEEA00006DAAA /* Ghost */ = {
			isa = PBXGroup;
			children = (
				F23ADC111AF21BA000ACA821 /* Images */,
				F24B035B1AEF6D20008DF2AD /* dutch */,
				F24B03571AEF6BBD008DF2AD /* english */,
				F2998E981ADFF0120006DAAA /* Models */,
				F2998E781ADFEEA00006DAAA /* AppDelegate.swift */,
				F2998E7A1ADFEEA00006DAAA /* ViewController.swift */,
				F2998E7C1ADFEEA00006DAAA /* Main.storyboard */,
				F2998E7F1ADFEEA00006DAAA /* Images.xcassets */,
				F2998E811ADFEEA00006DAAA /* LaunchScreen.xib */,
				F2998E761ADFEEA00006DAAA /* Supporting Files */,
				F23ADC441AF21CF600ACA821 /* PlayersViewController.swift */,
				F23ADC461AF21E7000ACA821 /* Player.swift */,
				F23ADC481AF21EAF00ACA821 /* SampleData.swift */,
				F23ADC4A1AF2218A00ACA821 /* PlayerDetailsViewController.swift */,
			);
			path = Ghost;
			sourceTree = "<group>";
		};
		F2998E761ADFEEA00006DAAA /* Supporting Files */ = {
			isa = PBXGroup;
			children = (
				F2998E771ADFEEA00006DAAA /* Info.plist */,
			);
			name = "Supporting Files";
			sourceTree = "<group>";
		};
		F2998E8B1ADFEEA00006DAAA /* GhostTests */ = {
			isa = PBXGroup;
			children = (
				F2998E8C1ADFEEA00006DAAA /* Supporting Files */,
			);
			path = GhostTests;
			sourceTree = "<group>";
		};
		F2998E8C1ADFEEA00006DAAA /* Supporting Files */ = {
			isa = PBXGroup;
			children = (
				F2998E8D1ADFEEA00006DAAA /* Info.plist */,
			);
			name = "Supporting Files";
			sourceTree = "<group>";
		};
		F2998E981ADFF0120006DAAA /* Models */ = {
			isa = PBXGroup;
			children = (
				F24B035D1AEF966D008DF2AD /* DictionaryModel.swift */,
				F24B035E1AEF966D008DF2AD /* GameModel.swift */,
			);
			name = Models;
			sourceTree = "<group>";
		};
/* End PBXGroup section */

/* Begin PBXNativeTarget section */
		F2998E721ADFEEA00006DAAA /* Ghost */ = {
			isa = PBXNativeTarget;
			buildConfigurationList = F2998E921ADFEEA00006DAAA /* Build configuration list for PBXNativeTarget "Ghost" */;
			buildPhases = (
				F2998E6F1ADFEEA00006DAAA /* Sources */,
				F2998E701ADFEEA00006DAAA /* Frameworks */,
				F2998E711ADFEEA00006DAAA /* Resources */,
			);
			buildRules = (
			);
			dependencies = (
			);
			name = Ghost;
			productName = Ghost;
			productReference = F2998E731ADFEEA00006DAAA /* Ghost.app */;
			productType = "com.apple.product-type.application";
		};
		F2998E871ADFEEA00006DAAA /* GhostTests */ = {
			isa = PBXNativeTarget;
			buildConfigurationList = F2998E951ADFEEA00006DAAA /* Build configuration list for PBXNativeTarget "GhostTests" */;
			buildPhases = (
				F2998E841ADFEEA00006DAAA /* Sources */,
				F2998E851ADFEEA00006DAAA /* Frameworks */,
				F2998E861ADFEEA00006DAAA /* Resources */,
			);
			buildRules = (
			);
			dependencies = (
				F2998E8A1ADFEEA00006DAAA /* PBXTargetDependency */,
			);
			name = GhostTests;
			productName = GhostTests;
			productReference = F2998E881ADFEEA00006DAAA /* GhostTests.xctest */;
			productType = "com.apple.product-type.bundle.unit-test";
		};
/* End PBXNativeTarget section */

/* Begin PBXProject section */
		F2998E6B1ADFEEA00006DAAA /* Project object */ = {
			isa = PBXProject;
			attributes = {
				LastUpgradeCheck = 0610;
				ORGANIZATIONNAME = "Joram Ruitenschild";
				TargetAttributes = {
					F2998E721ADFEEA00006DAAA = {
						CreatedOnToolsVersion = 6.1.1;
					};
					F2998E871ADFEEA00006DAAA = {
						CreatedOnToolsVersion = 6.1.1;
						TestTargetID = F2998E721ADFEEA00006DAAA;
					};
				};
			};
			buildConfigurationList = F2998E6E1ADFEEA00006DAAA /* Build configuration list for PBXProject "Ghost" */;
			compatibilityVersion = "Xcode 3.2";
			developmentRegion = English;
			hasScannedForEncodings = 0;
			knownRegions = (
				en,
				Base,
			);
			mainGroup = F2998E6A1ADFEEA00006DAAA;
			productRefGroup = F2998E741ADFEEA00006DAAA /* Products */;
			projectDirPath = "";
			projectRoot = "";
			targets = (
				F2998E721ADFEEA00006DAAA /* Ghost */,
				F2998E871ADFEEA00006DAAA /* GhostTests */,
			);
		};
/* End PBXProject section */

/* Begin PBXResourcesBuildPhase section */
		F2998E711ADFEEA00006DAAA /* Resources */ = {
			isa = PBXResourcesBuildPhase;
			buildActionMask = 2147483647;
			files = (
				F23ADC381AF21BA000ACA821 /* 4StarsSmall.png in Resources */,
				F23ADC361AF21BA000ACA821 /* 4Stars.png in Resources */,
				F23ADC2E1AF21BA000ACA821 /* 2Stars.png in Resources */,
				F23ADC321AF21BA000ACA821 /* 3Stars.png in Resources */,
				F23ADC351AF21BA000ACA821 /* 3StarsSmall@2x.png in Resources */,
				F23ADC3C1AF21BA000ACA821 /* 5StarsSmall.png in Resources */,
				F24B03591AEF6BBD008DF2AD /* english in Resources */,
				F23ADC301AF21BA000ACA821 /* 2StarsSmall.png in Resources */,
				F2998E7E1ADFEEA00006DAAA /* Main.storyboard in Resources */,
				F23ADC2F1AF21BA000ACA821 /* 2Stars@2x.png in Resources */,
				F23ADC401AF21BA000ACA821 /* Players.png in Resources */,
				F23ADC3F1AF21BA000ACA821 /* Gestures@2x.png in Resources */,
				F23ADC3A1AF21BA000ACA821 /* 5Stars.png in Resources */,
				F2998E831ADFEEA00006DAAA /* LaunchScreen.xib in Resources */,
				F23ADC331AF21BA000ACA821 /* 3Stars@2x.png in Resources */,
				F24B035C1AEF6D20008DF2AD /* dutch in Resources */,
				F23ADC2D1AF21BA000ACA821 /* 1StarSmall@2x.png in Resources */,
				F23ADC3D1AF21BA000ACA821 /* 5StarsSmall@2x.png in Resources */,
				F23ADC3B1AF21BA000ACA821 /* 5Stars@2x.png in Resources */,
				F2998E801ADFEEA00006DAAA /* Images.xcassets in Resources */,
				F23ADC411AF21BA000ACA821 /* Players@2x.png in Resources */,
				F23ADC391AF21BA000ACA821 /* 4StarsSmall@2x.png in Resources */,
				F23ADC341AF21BA000ACA821 /* 3StarsSmall.png in Resources */,
				F23ADC2C1AF21BA000ACA821 /* 1StarSmall.png in Resources */,
				F23ADC3E1AF21BA000ACA821 /* Gestures.png in Resources */,
				F23ADC2B1AF21BA000ACA821 /* 1Star@2x.png in Resources */,
				F23ADC371AF21BA000ACA821 /* 4Stars@2x.png in Resources */,
				F23ADC311AF21BA000ACA821 /* 2StarsSmall@2x.png in Resources */,
				F23ADC2A1AF21BA000ACA821 /* 1Star.png in Resources */,
			);
			runOnlyForDeploymentPostprocessing = 0;
		};
		F2998E861ADFEEA00006DAAA /* Resources */ = {
			isa = PBXResourcesBuildPhase;
			buildActionMask = 2147483647;
			files = (
			);
			runOnlyForDeploymentPostprocessing = 0;
		};
/* End PBXResourcesBuildPhase section */

/* Begin PBXSourcesBuildPhase section */
		F2998E6F1ADFEEA00006DAAA /* Sources */ = {
			isa = PBXSourcesBuildPhase;
			buildActionMask = 2147483647;
			files = (
				F2998E7B1ADFEEA00006DAAA /* ViewController.swift in Sources */,
				F23ADC491AF21EAF00ACA821 /* SampleData.swift in Sources */,
				F23ADC4B1AF2218A00ACA821 /* PlayerDetailsViewController.swift in Sources */,
				F24B03601AEF966D008DF2AD /* GameModel.swift in Sources */,
				F24B035F1AEF966D008DF2AD /* DictionaryModel.swift in Sources */,
				F23ADC451AF21CF600ACA821 /* PlayersViewController.swift in Sources */,
				F23ADC471AF21E7000ACA821 /* Player.swift in Sources */,
				F2998E791ADFEEA00006DAAA /* AppDelegate.swift in Sources */,
			);
			runOnlyForDeploymentPostprocessing = 0;
		};
		F2998E841ADFEEA00006DAAA /* Sources */ = {
			isa = PBXSourcesBuildPhase;
			buildActionMask = 2147483647;
			files = (
			);
			runOnlyForDeploymentPostprocessing = 0;
		};
/* End PBXSourcesBuildPhase section */

/* Begin PBXTargetDependency section */
		F2998E8A1ADFEEA00006DAAA /* PBXTargetDependency */ = {
			isa = PBXTargetDependency;
			target = F2998E721ADFEEA00006DAAA /* Ghost */;
			targetProxy = F2998E891ADFEEA00006DAAA /* PBXContainerItemProxy */;
		};
/* End PBXTargetDependency section */

/* Begin PBXVariantGroup section */
		F2998E7C1ADFEEA00006DAAA /* Main.storyboard */ = {
			isa = PBXVariantGroup;
			children = (
				F2998E7D1ADFEEA00006DAAA /* Base */,
			);
			name = Main.storyboard;
			sourceTree = "<group>";
		};
		F2998E811ADFEEA00006DAAA /* LaunchScreen.xib */ = {
			isa = PBXVariantGroup;
			children = (
				F2998E821ADFEEA00006DAAA /* Base */,
			);
			name = LaunchScreen.xib;
			sourceTree = "<group>";
		};
/* End PBXVariantGroup section */

/* Begin XCBuildConfiguration section */
		F2998E901ADFEEA00006DAAA /* Debug */ = {
			isa = XCBuildConfiguration;
			buildSettings = {
				ALWAYS_SEARCH_USER_PATHS = NO;
				CLANG_CXX_LANGUAGE_STANDARD = "gnu++0x";
				CLANG_CXX_LIBRARY = "libc++";
				CLANG_ENABLE_MODULES = YES;
				CLANG_ENABLE_OBJC_ARC = YES;
				CLANG_WARN_BOOL_CONVERSION = YES;
				CLANG_WARN_CONSTANT_CONVERSION = YES;
				CLANG_WARN_DIRECT_OBJC_ISA_USAGE = YES_ERROR;
				CLANG_WARN_EMPTY_BODY = YES;
				CLANG_WARN_ENUM_CONVERSION = YES;
				CLANG_WARN_INT_CONVERSION = YES;
				CLANG_WARN_OBJC_ROOT_CLASS = YES_ERROR;
				CLANG_WARN_UNREACHABLE_CODE = YES;
				CLANG_WARN__DUPLICATE_METHOD_MATCH = YES;
				"CODE_SIGN_IDENTITY[sdk=iphoneos*]" = "iPhone Developer";
				COPY_PHASE_STRIP = NO;
				ENABLE_STRICT_OBJC_MSGSEND = YES;
				GCC_C_LANGUAGE_STANDARD = gnu99;
				GCC_DYNAMIC_NO_PIC = NO;
				GCC_OPTIMIZATION_LEVEL = 0;
				GCC_PREPROCESSOR_DEFINITIONS = (
					"DEBUG=1",
					"$(inherited)",
				);
				GCC_SYMBOLS_PRIVATE_EXTERN = NO;
				GCC_WARN_64_TO_32_BIT_CONVERSION = YES;
				GCC_WARN_ABOUT_RETURN_TYPE = YES_ERROR;
				GCC_WARN_UNDECLARED_SELECTOR = YES;
				GCC_WARN_UNINITIALIZED_AUTOS = YES_AGGRESSIVE;
				GCC_WARN_UNUSED_FUNCTION = YES;
				GCC_WARN_UNUSED_VARIABLE = YES;
				IPHONEOS_DEPLOYMENT_TARGET = 8.1;
				MTL_ENABLE_DEBUG_INFO = YES;
				ONLY_ACTIVE_ARCH = YES;
				SDKROOT = iphoneos;
				SWIFT_OPTIMIZATION_LEVEL = "-Onone";
			};
			name = Debug;
		};
		F2998E911ADFEEA00006DAAA /* Release */ = {
			isa = XCBuildConfiguration;
			buildSettings = {
				ALWAYS_SEARCH_USER_PATHS = NO;
				CLANG_CXX_LANGUAGE_STANDARD = "gnu++0x";
				CLANG_CXX_LIBRARY = "libc++";
				CLANG_ENABLE_MODULES = YES;
				CLANG_ENABLE_OBJC_ARC = YES;
				CLANG_WARN_BOOL_CONVERSION = YES;
				CLANG_WARN_CONSTANT_CONVERSION = YES;
				CLANG_WARN_DIRECT_OBJC_ISA_USAGE = YES_ERROR;
				CLANG_WARN_EMPTY_BODY = YES;
				CLANG_WARN_ENUM_CONVERSION = YES;
				CLANG_WARN_INT_CONVERSION = YES;
				CLANG_WARN_OBJC_ROOT_CLASS = YES_ERROR;
				CLANG_WARN_UNREACHABLE_CODE = YES;
				CLANG_WARN__DUPLICATE_METHOD_MATCH = YES;
				"CODE_SIGN_IDENTITY[sdk=iphoneos*]" = "iPhone Developer";
				COPY_PHASE_STRIP = YES;
				ENABLE_NS_ASSERTIONS = NO;
				ENABLE_STRICT_OBJC_MSGSEND = YES;
				GCC_C_LANGUAGE_STANDARD = gnu99;
				GCC_WARN_64_TO_32_BIT_CONVERSION = YES;
				GCC_WARN_ABOUT_RETURN_TYPE = YES_ERROR;
				GCC_WARN_UNDECLARED_SELECTOR = YES;
				GCC_WARN_UNINITIALIZED_AUTOS = YES_AGGRESSIVE;
				GCC_WARN_UNUSED_FUNCTION = YES;
				GCC_WARN_UNUSED_VARIABLE = YES;
				IPHONEOS_DEPLOYMENT_TARGET = 8.1;
				MTL_ENABLE_DEBUG_INFO = NO;
				SDKROOT = iphoneos;
				VALIDATE_PRODUCT = YES;
			};
			name = Release;
		};
		F2998E931ADFEEA00006DAAA /* Debug */ = {
			isa = XCBuildConfiguration;
			buildSettings = {
				ASSETCATALOG_COMPILER_APPICON_NAME = AppIcon;
				INFOPLIST_FILE = Ghost/Info.plist;
				LD_RUNPATH_SEARCH_PATHS = "$(inherited) @executable_path/Frameworks";
				PRODUCT_NAME = "$(TARGET_NAME)";
			};
			name = Debug;
		};
		F2998E941ADFEEA00006DAAA /* Release */ = {
			isa = XCBuildConfiguration;
			buildSettings = {
				ASSETCATALOG_COMPILER_APPICON_NAME = AppIcon;
				INFOPLIST_FILE = Ghost/Info.plist;
				LD_RUNPATH_SEARCH_PATHS = "$(inherited) @executable_path/Frameworks";
				PRODUCT_NAME = "$(TARGET_NAME)";
			};
			name = Release;
		};
		F2998E961ADFEEA00006DAAA /* Debug */ = {
			isa = XCBuildConfiguration;
			buildSettings = {
				BUNDLE_LOADER = "$(TEST_HOST)";
				CLANG_ENABLE_MODULES = YES;
				FRAMEWORK_SEARCH_PATHS = (
					"$(SDKROOT)/Developer/Library/Frameworks",
					"$(inherited)",
				);
				GCC_PREPROCESSOR_DEFINITIONS = (
					"DEBUG=1",
					"$(inherited)",
				);
				INFOPLIST_FILE = GhostTests/Info.plist;
				LD_RUNPATH_SEARCH_PATHS = "$(inherited) @executable_path/Frameworks @loader_path/Frameworks";
				PRODUCT_NAME = "$(TARGET_NAME)";
				SWIFT_OPTIMIZATION_LEVEL = "-Onone";
				TEST_HOST = "$(BUILT_PRODUCTS_DIR)/Ghost.app/Ghost";
			};
			name = Debug;
		};
		F2998E971ADFEEA00006DAAA /* Release */ = {
			isa = XCBuildConfiguration;
			buildSettings = {
				BUNDLE_LOADER = "$(TEST_HOST)";
				CLANG_ENABLE_MODULES = YES;
				FRAMEWORK_SEARCH_PATHS = (
					"$(SDKROOT)/Developer/Library/Frameworks",
					"$(inherited)",
				);
				INFOPLIST_FILE = GhostTests/Info.plist;
				LD_RUNPATH_SEARCH_PATHS = "$(inherited) @executable_path/Frameworks @loader_path/Frameworks";
				PRODUCT_NAME = "$(TARGET_NAME)";
				TEST_HOST = "$(BUILT_PRODUCTS_DIR)/Ghost.app/Ghost";
			};
			name = Release;
		};
/* End XCBuildConfiguration section */

/* Begin XCConfigurationList section */
		F2998E6E1ADFEEA00006DAAA /* Build configuration list for PBXProject "Ghost" */ = {
			isa = XCConfigurationList;
			buildConfigurations = (
				F2998E901ADFEEA00006DAAA /* Debug */,
				F2998E911ADFEEA00006DAAA /* Release */,
			);
			defaultConfigurationIsVisible = 0;
			defaultConfigurationName = Release;
		};
		F2998E921ADFEEA00006DAAA /* Build configuration list for PBXNativeTarget "Ghost" */ = {
			isa = XCConfigurationList;
			buildConfigurations = (
				F2998E931ADFEEA00006DAAA /* Debug */,
				F2998E941ADFEEA00006DAAA /* Release */,
			);
			defaultConfigurationIsVisible = 0;
			defaultConfigurationName = Release;
		};
		F2998E951ADFEEA00006DAAA /* Build configuration list for PBXNativeTarget "GhostTests" */ = {
			isa = XCConfigurationList;
			buildConfigurations = (
				F2998E961ADFEEA00006DAAA /* Debug */,
				F2998E971ADFEEA00006DAAA /* Release */,
			);
			defaultConfigurationIsVisible = 0;
			defaultConfigurationName = Release;
		};
/* End XCConfigurationList section */
	};
	rootObject = F2998E6B1ADFEEA00006DAAA /* Project object */;
}
